
Microsoft Visual Studio Solution File, Format Version 12.00
# Visual Studio Version 17
VisualStudioVersion = 17.0.32112.339
MinimumVisualStudioVersion = 10.0.40219.1
Project("{FAE04EC0-301F-11D3-BF4B-00C04F79EFBC}") = "PopovMatyninKurs", "PopovMatyninKurs\PopovMatyninKurs.csproj", "{5612F91B-52C3-404E-9C57-2CC616B25DA7}"
EndProject
Global
	GlobalSection(SolutionConfigurationPlatforms) = preSolution
		Debug|Any CPU = Debug|Any CPU
		Release|Any CPU = Release|Any CPU
	EndGlobalSection
	GlobalSection(ProjectConfigurationPlatforms) = postSolution
		{5612F91B-52C3-404E-9C57-2CC616B25DA7}.Debug|Any CPU.ActiveCfg = Debug|Any CPU
		{5612F91B-52C3-404E-9C57-2CC616B25DA7}.Debug|Any CPU.Build.0 = Debug|Any CPU
		{5612F91B-52C3-404E-9C57-2CC616B25DA7}.Release|Any CPU.ActiveCfg = Release|Any CPU
		{5612F91B-52C3-404E-9C57-2CC616B25DA7}.Release|Any CPU.Build.0 = Release|Any CPU
	EndGlobalSection
	GlobalSection(SolutionProperties) = preSolution
		HideSolutionNode = FALSE
	EndGlobalSection
	GlobalSection(ExtensibilityGlobals) = postSolution
		SolutionGuid = {B02B0D76-4CD3-4548-AF10-B236D9BEACB9}
	EndGlobalSection
EndGlobal
